Microsoft Visual Studio Solution File, Format Version 12.00
# Visual Studio Version 17
VisualStudioVersion = 17.5.2.0
MinimumVisualStudioVersion = 10.0.40219.1
Project("{FAE04EC0-301F-11D3-BF4B-00C04F79EFBC}") = "cadastroPets", "cadastroPets.csproj", "{D4DAF239-238E-9AB7-D21D-109BE17B78CE}"
EndProject
Global
	GlobalSection(SolutionConfigurationPlatforms) = preSolution
		Debug|Any CPU = Debug|Any CPU
		Release|Any CPU = Release|Any CPU
	EndGlobalSection
	GlobalSection(ProjectConfigurationPlatforms) = postSolution
		{D4DAF239-238E-9AB7-D21D-109BE17B78CE}.Debug|Any CPU.ActiveCfg = Debug|Any CPU
		{D4DAF239-238E-9AB7-D21D-109BE17B78CE}.Debug|Any CPU.Build.0 = Debug|Any CPU
		{D4DAF239-238E-9AB7-D21D-109BE17B78CE}.Release|Any CPU.ActiveCfg = Release|Any CPU
		{D4DAF239-238E-9AB7-D21D-109BE17B78CE}.Release|Any CPU.Build.0 = Release|Any CPU
	EndGlobalSection
	GlobalSection(SolutionProperties) = preSolution
		HideSolutionNode = FALSE
	EndGlobalSection
	GlobalSection(ExtensibilityGlobals) = postSolution
		SolutionGuid = {950C4CD4-3B01-4F77-B91B-D1E25C6C6D45}
	EndGlobalSection
EndGlobal
